// !$*UTF8*$!
{
	archiveVersion = 1;
	classes = {
	};
	objectVersion = 56;
	objects = {

/* Begin PBXBuildFile section */
		564330312BEB59FA00AFF8B1 /* GoogleService-Info.plist in Resources */ = {isa = PBXBuildFile; fileRef = 564330302BEB59FA00AFF8B1 /* GoogleService-Info.plist */; };
		565C2B842BEAAB3E0095121D /* AppDelegate.swift in Sources */ = {isa = PBXBuildFile; fileRef = 565C2B832BEAAB3E0095121D /* AppDelegate.swift */; };
		565C2B862BEAAB3E0095121D /* SceneDelegate.swift in Sources */ = {isa = PBXBuildFile; fileRef = 565C2B852BEAAB3E0095121D /* SceneDelegate.swift */; };
		565C2B882BEAAB3E0095121D /* ViewController.swift in Sources */ = {isa = PBXBuildFile; fileRef = 565C2B872BEAAB3E0095121D /* ViewController.swift */; };
		565C2B8B2BEAAB3E0095121D /* Main.storyboard in Resources */ = {isa = PBXBuildFile; fileRef = 565C2B892BEAAB3E0095121D /* Main.storyboard */; };
		565C2B8D2BEAAB400095121D /* Assets.xcassets in Resources */ = {isa = PBXBuildFile; fileRef = 565C2B8C2BEAAB400095121D /* Assets.xcassets */; };
		565C2B902BEAAB400095121D /* LaunchScreen.storyboard in Resources */ = {isa = PBXBuildFile; fileRef = 565C2B8E2BEAAB400095121D /* LaunchScreen.storyboard */; };
		57F4D4104E3F27475611DA56 /* Pods_CarmatecTask.framework in Frameworks */ = {isa = PBXBuildFile; fileRef = C473B6F62020E0BEFF14D395 /* Pods_CarmatecTask.framework */; };
/* End PBXBuildFile section */

/* Begin PBXFileReference section */
		4F003221BA016B65E4F149EE /* Pods-CarmatecTask.debug.xcconfig */ = {isa = PBXFileReference; includeInIndex = 1; lastKnownFileType = text.xcconfig; name = "Pods-CarmatecTask.debug.xcconfig"; path = "Target Support Files/Pods-CarmatecTask/Pods-CarmatecTask.debug.xcconfig"; sourceTree = "<group>"; };
		564330302BEB59FA00AFF8B1 /* GoogleService-Info.plist */ = {isa = PBXFileReference; fileEncoding = 4; lastKnownFileType = text.plist.xml; path = "GoogleService-Info.plist"; sourceTree = "<group>"; };
		565C2B802BEAAB3E0095121D /* CarmatecTask.app */ = {isa = PBXFileReference; explicitFileType = wrapper.application; includeInIndex = 0; path = CarmatecTask.app; sourceTree = BUILT_PRODUCTS_DIR; };
		565C2B832BEAAB3E0095121D /* AppDelegate.swift */ = {isa = PBXFileReference; lastKnownFileType = sourcecode.swift; path = AppDelegate.swift; sourceTree = "<group>"; };
		565C2B852BEAAB3E0095121D /* SceneDelegate.swift */ = {isa = PBXFileReference; lastKnownFileType = sourcecode.swift; path = SceneDelegate.swift; sourceTree = "<group>"; };
		565C2B872BEAAB3E0095121D /* ViewController.swift */ = {isa = PBXFileReference; lastKnownFileType = sourcecode.swift; path = ViewController.swift; sourceTree = "<group>"; };
		565C2B8A2BEAAB3E0095121D /* Base */ = {isa = PBXFileReference; lastKnownFileType = file.storyboard; name = Base; path = Base.lproj/Main.storyboard; sourceTree = "<group>"; };
		565C2B8C2BEAAB400095121D /* Assets.xcassets */ = {isa = PBXFileReference; lastKnownFileType = folder.assetcatalog; path = Assets.xcassets; sourceTree = "<group>"; };
		565C2B8F2BEAAB400095121D /* Base */ = {isa = PBXFileReference; lastKnownFileType = file.storyboard; name = Base; path = Base.lproj/LaunchScreen.storyboard; sourceTree = "<group>"; };
		565C2B912BEAAB400095121D /* Info.plist */ = {isa = PBXFileReference; lastKnownFileType = text.plist.xml; path = Info.plist; sourceTree = "<group>"; };
		BD9A2BA7FD9A89E53CEFFEA0 /* Pods-CarmatecTask.release.xcconfig */ = {isa = PBXFileReference; includeInIndex = 1; lastKnownFileType = text.xcconfig; name = "Pods-CarmatecTask.release.xcconfig"; path = "Target Support Files/Pods-CarmatecTask/Pods-CarmatecTask.release.xcconfig"; sourceTree = "<group>"; };
		C473B6F62020E0BEFF14D395 /* Pods_CarmatecTask.framework */ = {isa = PBXFileReference; explicitFileType = wrapper.framework; includeInIndex = 0; path = Pods_CarmatecTask.framework; sourceTree = BUILT_PRODUCTS_DIR; };
/* End PBXFileReference section */

/* Begin PBXFrameworksBuildPhase section */
		565C2B7D2BEAAB3E0095121D /* Frameworks */ = {
			isa = PBXFrameworksBuildPhase;
			buildActionMask = 2147483647;
			files = (
				57F4D4104E3F27475611DA56 /* Pods_CarmatecTask.framework in Frameworks */,
			);
			runOnlyForDeploymentPostprocessing = 0;
		};
/* End PBXFrameworksBuildPhase section */

/* Begin PBXGroup section */
		4B60CB1EB4796FFAEDC7A510 /* Pods */ = {
			isa = PBXGroup;
			children = (
				4F003221BA016B65E4F149EE /* Pods-CarmatecTask.debug.xcconfig */,
				BD9A2BA7FD9A89E53CEFFEA0 /* Pods-CarmatecTask.release.xcconfig */,
			);
			path = Pods;
			sourceTree = "<group>";
		};
		565C2B772BEAAB3E0095121D = {
			isa = PBXGroup;
			children = (
				565C2B822BEAAB3E0095121D /* CarmatecTask */,
				565C2B812BEAAB3E0095121D /* Products */,
				4B60CB1EB4796FFAEDC7A510 /* Pods */,
				FB0D0400D88AD48287182F02 /* Frameworks */,
			);
			sourceTree = "<group>";
		};
		565C2B812BEAAB3E0095121D /* Products */ = {
			isa = PBXGroup;
			children = (
				565C2B802BEAAB3E0095121D /* CarmatecTask.app */,
			);
			name = Products;
			sourceTree = "<group>";
		};
		565C2B822BEAAB3E0095121D /* CarmatecTask */ = {
			isa = PBXGroup;
			children = (
				565C2B832BEAAB3E0095121D /* AppDelegate.swift */,
				565C2B852BEAAB3E0095121D /* SceneDelegate.swift */,
				565C2B872BEAAB3E0095121D /* ViewController.swift */,
				565C2B892BEAAB3E0095121D /* Main.storyboard */,
				565C2B8C2BEAAB400095121D /* Assets.xcassets */,
				565C2B8E2BEAAB400095121D /* LaunchScreen.storyboard */,
				565C2B912BEAAB400095121D /* Info.plist */,
				564330302BEB59FA00AFF8B1 /* GoogleService-Info.plist */,
			);
			path = CarmatecTask;
			sourceTree = "<group>";
		};
		FB0D0400D88AD48287182F02 /* Frameworks */ = {
			isa = PBXGroup;
			children = (
				C473B6F62020E0BEFF14D395 /* Pods_CarmatecTask.framework */,
			);
			name = Frameworks;
			sourceTree = "<group>";
		};
/* End PBXGroup section */

/* Begin PBXNativeTarget section */
		565C2B7F2BEAAB3E0095121D /* CarmatecTask */ = {
			isa = PBXNativeTarget;
			buildConfigurationList = 565C2B942BEAAB400095121D /* Build configuration list for PBXNativeTarget "CarmatecTask" */;
			buildPhases = (
				704058D66054972557761D29 /* [CP] Check Pods Manifest.lock */,
				565C2B7C2BEAAB3E0095121D /* Sources */,
				565C2B7D2BEAAB3E0095121D /* Frameworks */,
				565C2B7E2BEAAB3E0095121D /* Resources */,
				AE49093D61CA60444831B60D /* [CP] Embed Pods Frameworks */,
			);
			buildRules = (
			);
			dependencies = (
			);
			name = CarmatecTask;
			productName = CarmatecTask;
			productReference = 565C2B802BEAAB3E0095121D /* CarmatecTask.app */;
			productType = "com.apple.product-type.application";
		};
/* End PBXNativeTarget section */

/* Begin PBXProject section */
		565C2B782BEAAB3E0095121D /* Project object */ = {
			isa = PBXProject;
			attributes = {
				BuildIndependentTargetsInParallel = 1;
				LastSwiftUpdateCheck = 1520;
				LastUpgradeCheck = 1520;
				TargetAttributes = {
					565C2B7F2BEAAB3E0095121D = {
						CreatedOnToolsVersion = 15.2;
					};
				};
			};
			buildConfigurationList = 565C2B7B2BEAAB3E0095121D /* Build configuration list for PBXProject "CarmatecTask" */;
			compatibilityVersion = "Xcode 14.0";
			developmentRegion = en;
			hasScannedForEncodings = 0;
			knownRegions = (
				en,
				Base,
			);
			mainGroup = 565C2B772BEAAB3E0095121D;
			productRefGroup = 565C2B812BEAAB3E0095121D /* Products */;
			projectDirPath = "";
			projectRoot = "";
			targets = (
				565C2B7F2BEAAB3E0095121D /* CarmatecTask */,
			);
		};
/* End PBXProject section */

/* Begin PBXResourcesBuildPhase section */
		565C2B7E2BEAAB3E0095121D /* Resources */ = {
			isa = PBXResourcesBuildPhase;
			buildActionMask = 2147483647;
			files = (
				565C2B902BEAAB400095121D /* LaunchScreen.storyboard in Resources */,
				564330312BEB59FA00AFF8B1 /* GoogleService-Info.plist in Resources */,
				565C2B8D2BEAAB400095121D /* Assets.xcassets in Resources */,
				565C2B8B2BEAAB3E0095121D /* Main.storyboard in Resources */,
			);
			runOnlyForDeploymentPostprocessing = 0;
		};
/* End PBXResourcesBuildPhase section */

/* Begin PBXShellScriptBuildPhase section */
		704058D66054972557761D29 /* [CP] Check Pods Manifest.lock */ = {
			isa = PBXShellScriptBuildPhase;
			buildActionMask = 2147483647;
			files = (
			);
			inputFileListPaths = (
			);
			inputPaths = (
				"${PODS_PODFILE_DIR_PATH}/Podfile.lock",
				"${PODS_ROOT}/Manifest.lock",
			);
			name = "[CP] Check Pods Manifest.lock";
			outputFileListPaths = (
			);
			outputPaths = (
				"$(DERIVED_FILE_DIR)/Pods-CarmatecTask-checkManifestLockResult.txt",
			);
			runOnlyForDeploymentPostprocessing = 0;
			shellPath = /bin/sh;
			shellScript = "diff \"${PODS_PODFILE_DIR_PATH}/Podfile.lock\" \"${PODS_ROOT}/Manifest.lock\" > /dev/null\nif [ $? != 0 ] ; then\n    # print error to STDERR\n    echo \"error: The sandbox is not in sync with the Podfile.lock. Run 'pod install' or update your CocoaPods installation.\" >&2\n    exit 1\nfi\n# This output is used by Xcode 'outputs' to avoid re-running this script phase.\necho \"SUCCESS\" > \"${SCRIPT_OUTPUT_FILE_0}\"\n";
			showEnvVarsInLog = 0;
		};
		AE49093D61CA60444831B60D /* [CP] Embed Pods Frameworks */ = {
			isa = PBXShellScriptBuildPhase;
			buildActionMask = 2147483647;
			files = (
			);
			inputFileListPaths = (
				"${PODS_ROOT}/Target Support Files/Pods-CarmatecTask/Pods-CarmatecTask-frameworks-${CONFIGURATION}-input-files.xcfilelist",
			);
			name = "[CP] Embed Pods Frameworks";
			outputFileListPaths = (
				"${PODS_ROOT}/Target Support Files/Pods-CarmatecTask/Pods-CarmatecTask-frameworks-${CONFIGURATION}-output-files.xcfilelist",
			);
			runOnlyForDeploymentPostprocessing = 0;
			shellPath = /bin/sh;
			shellScript = "\"${PODS_ROOT}/Target Support Files/Pods-CarmatecTask/Pods-CarmatecTask-frameworks.sh\"\n";
			showEnvVarsInLog = 0;
		};
/* End PBXShellScriptBuildPhase section */

/* Begin PBXSourcesBuildPhase section */
		565C2B7C2BEAAB3E0095121D /* Sources */ = {
			isa = PBXSourcesBuildPhase;
			buildActionMask = 2147483647;
			files = (
				565C2B882BEAAB3E0095121D /* ViewController.swift in Sources */,
				565C2B842BEAAB3E0095121D /* AppDelegate.swift in Sources */,
				565C2B862BEAAB3E0095121D /* SceneDelegate.swift in Sources */,
			);
			runOnlyForDeploymentPostprocessing = 0;
		};
/* End PBXSourcesBuildPhase section */

/* Begin PBXVariantGroup section */
		565C2B892BEAAB3E0095121D /* Main.storyboard */ = {
			isa = PBXVariantGroup;
			children = (
				565C2B8A2BEAAB3E0095121D /* Base */,
			);
			name = Main.storyboard;
			sourceTree = "<group>";
		};
		565C2B8E2BEAAB400095121D /* LaunchScreen.storyboard */ = {
			isa = PBXVariantGroup;
			children = (
				565C2B8F2BEAAB400095121D /* Base */,
			);
			name = LaunchScreen.storyboard;
			sourceTree = "<group>";
		};
/* End PBXVariantGroup section */

/* Begin XCBuildConfiguration section */
		565C2B922BEAAB400095121D /* Debug */ = {
			isa = XCBuildConfiguration;
			buildSettings = {
				ALWAYS_SEARCH_USER_PATHS = NO;
				ASSETCATALOG_COMPILER_GENERATE_SWIFT_ASSET_SYMBOL_EXTENSIONS = YES;
				CLANG_ANALYZER_NONNULL = YES;
				CLANG_ANALYZER_NUMBER_OBJECT_CONVERSION = YES_AGGRESSIVE;
				CLANG_CXX_LANGUAGE_STANDARD = "gnu++20";
				CLANG_ENABLE_MODULES = YES;
				CLANG_ENABLE_OBJC_ARC = YES;
				CLANG_ENABLE_OBJC_WEAK = YES;
				CLANG_WARN_BLOCK_CAPTURE_AUTORELEASING = YES;
				CLANG_WARN_BOOL_CONVERSION = YES;
				CLANG_WARN_COMMA = YES;
				CLANG_WARN_CONSTANT_CONVERSION = YES;
				CLANG_WARN_DEPRECATED_OBJC_IMPLEMENTATIONS = YES;
				CLANG_WARN_DIRECT_OBJC_ISA_USAGE = YES_ERROR;
				CLANG_WARN_DOCUMENTATION_COMMENTS = YES;
				CLANG_WARN_EMPTY_BODY = YES;
				CLANG_WARN_ENUM_CONVERSION = YES;
				CLANG_WARN_INFINITE_RECURSION = YES;
				CLANG_WARN_INT_CONVERSION = YES;
				CLANG_WARN_NON_LITERAL_NULL_CONVERSION = YES;
				CLANG_WARN_OBJC_IMPLICIT_RETAIN_SELF = YES;
				CLANG_WARN_OBJC_LITERAL_CONVERSION = YES;
				CLANG_WARN_OBJC_ROOT_CLASS = YES_ERROR;
				CLANG_WARN_QUOTED_INCLUDE_IN_FRAMEWORK_HEADER = YES;
				CLANG_WARN_RANGE_LOOP_ANALYSIS = YES;
				CLANG_WARN_STRICT_PROTOTYPES = YES;
				CLANG_WARN_SUSPICIOUS_MOVE = YES;
				CLANG_WARN_UNGUARDED_AVAILABILITY = YES_AGGRESSIVE;
				CLANG_WARN_UNREACHABLE_CODE = YES;
				CLANG_WARN__DUPLICATE_METHOD_MATCH = YES;
				COPY_PHASE_STRIP = NO;
				DEBUG_INFORMATION_FORMAT = dwarf;
				ENABLE_STRICT_OBJC_MSGSEND = YES;
				ENABLE_TESTABILITY = YES;
				ENABLE_USER_SCRIPT_SANDBOXING = NO;
				GCC_C_LANGUAGE_STANDARD = gnu17;
				GCC_DYNAMIC_NO_PIC = NO;
				GCC_NO_COMMON_BLOCKS = YES;
				GCC_OPTIMIZATION_LEVEL = 0;
				GCC_PREPROCESSOR_DEFINITIONS = (
					"DEBUG=1",
					"$(inherited)",
				);
				GCC_WARN_64_TO_32_BIT_CONVERSION = YES;
				GCC_WARN_ABOUT_RETURN_TYPE = YES_ERROR;
				GCC_WARN_UNDECLARED_SELECTOR = YES;
				GCC_WARN_UNINITIALIZED_AUTOS = YES_AGGRESSIVE;
				GCC_WARN_UNUSED_FUNCTION = YES;
				GCC_WARN_UNUSED_VARIABLE = YES;
				IPHONEOS_DEPLOYMENT_TARGET = 17.2;
				LOCALIZATION_PREFERS_STRING_CATALOGS = YES;
				MTL_ENABLE_DEBUG_INFO = INCLUDE_SOURCE;
				MTL_FAST_MATH = YES;
				ONLY_ACTIVE_ARCH = YES;
				SDKROOT = iphoneos;
				SWIFT_ACTIVE_COMPILATION_CONDITIONS = "DEBUG $(inherited)";
				SWIFT_OPTIMIZATION_LEVEL = "-Onone";
			};
			name = Debug;
		};
		565C2B932BEAAB400095121D /* Release */ = {
			isa = XCBuildConfiguration;
			buildSettings = {
				ALWAYS_SEARCH_USER_PATHS = NO;
				ASSETCATALOG_COMPILER_GENERATE_SWIFT_ASSET_SYMBOL_EXTENSIONS = YES;
				CLANG_ANALYZER_NONNULL = YES;
				CLANG_ANALYZER_NUMBER_OBJECT_CONVERSION = YES_AGGRESSIVE;
				CLANG_CXX_LANGUAGE_STANDARD = "gnu++20";
				CLANG_ENABLE_MODULES = YES;
				CLANG_ENABLE_OBJC_ARC = YES;
				CLANG_ENABLE_OBJC_WEAK = YES;
				CLANG_WARN_BLOCK_CAPTURE_AUTORELEASING = YES;
				CLANG_WARN_BOOL_CONVERSION = YES;
				CLANG_WARN_COMMA = YES;
				CLANG_WARN_CONSTANT_CONVERSION = YES;
				CLANG_WARN_DEPRECATED_OBJC_IMPLEMENTATIONS = YES;
				CLANG_WARN_DIRECT_OBJC_ISA_USAGE = YES_ERROR;
				CLANG_WARN_DOCUMENTATION_COMMENTS = YES;
				CLANG_WARN_EMPTY_BODY = YES;
				CLANG_WARN_ENUM_CONVERSION = YES;
				CLANG_WARN_INFINITE_RECURSION = YES;
				CLANG_WARN_INT_CONVERSION = YES;
				CLANG_WARN_NON_LITERAL_NULL_CONVERSION = YES;
				CLANG_WARN_OBJC_IMPLICIT_RETAIN_SELF = YES;
				CLANG_WARN_OBJC_LITERAL_CONVERSION = YES;
				CLANG_WARN_OBJC_ROOT_CLASS = YES_ERROR;
				CLANG_WARN_QUOTED_INCLUDE_IN_FRAMEWORK_HEADER = YES;
				CLANG_WARN_RANGE_LOOP_ANALYSIS = YES;
				CLANG_WARN_STRICT_PROTOTYPES = YES;
				CLANG_WARN_SUSPICIOUS_MOVE = YES;
				CLANG_WARN_UNGUARDED_AVAILABILITY = YES_AGGRESSIVE;
				CLANG_WARN_UNREACHABLE_CODE = YES;
				CLANG_WARN__DUPLICATE_METHOD_MATCH = YES;
				COPY_PHASE_STRIP = NO;
				DEBUG_INFORMATION_FORMAT = "dwarf-with-dsym";
				ENABLE_NS_ASSERTIONS = NO;
				ENABLE_STRICT_OBJC_MSGSEND = YES;
				ENABLE_USER_SCRIPT_SANDBOXING = NO;
				GCC_C_LANGUAGE_STANDARD = gnu17;
				GCC_NO_COMMON_BLOCKS = YES;
				GCC_WARN_64_TO_32_BIT_CONVERSION = YES;
				GCC_WARN_ABOUT_RETURN_TYPE = YES_ERROR;
				GCC_WARN_UNDECLARED_SELECTOR = YES;
				GCC_WARN_UNINITIALIZED_AUTOS = YES_AGGRESSIVE;
				GCC_WARN_UNUSED_FUNCTION = YES;
				GCC_WARN_UNUSED_VARIABLE = YES;
				IPHONEOS_DEPLOYMENT_TARGET = 17.2;
				LOCALIZATION_PREFERS_STRING_CATALOGS = YES;
				MTL_ENABLE_DEBUG_INFO = NO;
				MTL_FAST_MATH = YES;
				SDKROOT = iphoneos;
				SWIFT_COMPILATION_MODE = wholemodule;
				VALIDATE_PRODUCT = YES;
			};
			name = Release;
		};
		565C2B952BEAAB400095121D /* Debug */ = {
			isa = XCBuildConfiguration;
			baseConfigurationReference = 4F003221BA016B65E4F149EE /* Pods-CarmatecTask.debug.xcconfig */;
			buildSettings = {
				ASSETCATALOG_COMPILER_APPICON_NAME = AppIcon;
				ASSETCATALOG_COMPILER_GLOBAL_ACCENT_COLOR_NAME = AccentColor;
				CODE_SIGN_STYLE = Automatic;
				CURRENT_PROJECT_VERSION = 1;
				DEVELOPMENT_TEAM = L8L8QX7RG6;
				GENERATE_INFOPLIST_FILE = YES;
				INFOPLIST_FILE = CarmatecTask/Info.plist;
				INFOPLIST_KEY_UIApplicationSupportsIndirectInputEvents = YES;
				INFOPLIST_KEY_UILaunchStoryboardName = LaunchScreen;
				INFOPLIST_KEY_UIMainStoryboardFile = Main;
				INFOPLIST_KEY_UISupportedInterfaceOrientations_iPad = "UIInterfaceOrientationPortrait UIInterfaceOrientationPortraitUpsideDown UIInterfaceOrientationLandscapeLeft UIInterfaceOrientationLandscapeRight";
				INFOPLIST_KEY_UISupportedInterfaceOrientations_iPhone = "UIInterfaceOrientationPortrait UIInterfaceOrientationLandscapeLeft UIInterfaceOrientationLandscapeRight";
				LD_RUNPATH_SEARCH_PATHS = (
					"$(inherited)",
					"@executable_path/Frameworks",
				);
				MARKETING_VERSION = 1.0;
				PRODUCT_BUNDLE_IDENTIFIER = com.CarmaTecTask.com.CarmatecTask;
				PRODUCT_NAME = "$(TARGET_NAME)";
				SWIFT_EMIT_LOC_STRINGS = YES;
				SWIFT_VERSION = 5.0;
				TARGETED_DEVICE_FAMILY = "1,2";
			};
			name = Debug;
		};
		565C2B962BEAAB400095121D /* Release */ = {
			isa = XCBuildConfiguration;
			baseConfigurationReference = BD9A2BA7FD9A89E53CEFFEA0 /* Pods-CarmatecTask.release.xcconfig */;
			buildSettings = {
				ASSETCATALOG_COMPILER_APPICON_NAME = AppIcon;
				ASSETCATALOG_COMPILER_GLOBAL_ACCENT_COLOR_NAME = AccentColor;
				CODE_SIGN_STYLE = Automatic;
				CURRENT_PROJECT_VERSION = 1;
				DEVELOPMENT_TEAM = L8L8QX7RG6;
				GENERATE_INFOPLIST_FILE = YES;
				INFOPLIST_FILE = CarmatecTask/Info.plist;
				INFOPLIST_KEY_UIApplicationSupportsIndirectInputEvents = YES;
				INFOPLIST_KEY_UILaunchStoryboardName = LaunchScreen;
				INFOPLIST_KEY_UIMainStoryboardFile = Main;
				INFOPLIST_KEY_UISupportedInterfaceOrientations_iPad = "UIInterfaceOrientationPortrait UIInterfaceOrientationPortraitUpsideDown UIInterfaceOrientationLandscapeLeft UIInterfaceOrientationLandscapeRight";
				INFOPLIST_KEY_UISupportedInterfaceOrientations_iPhone = "UIInterfaceOrientationPortrait UIInterfaceOrientationLandscapeLeft UIInterfaceOrientationLandscapeRight";
				LD_RUNPATH_SEARCH_PATHS = (
					"$(inherited)",
					"@executable_path/Frameworks",
				);
				MARKETING_VERSION = 1.0;
				PRODUCT_BUNDLE_IDENTIFIER = com.CarmaTecTask.com.CarmatecTask;
				PRODUCT_NAME = "$(TARGET_NAME)";
				SWIFT_EMIT_LOC_STRINGS = YES;
				SWIFT_VERSION = 5.0;
				TARGETED_DEVICE_FAMILY = "1,2";
			};
			name = Release;
		};
/* End XCBuildConfiguration section */

/* Begin XCConfigurationList section */
		565C2B7B2BEAAB3E0095121D /* Build configuration list for PBXProject "CarmatecTask" */ = {
			isa = XCConfigurationList;
			buildConfigurations = (
				565C2B922BEAAB400095121D /* Debug */,
				565C2B932BEAAB400095121D /* Release */,
			);
			defaultConfigurationIsVisible = 0;
			defaultConfigurationName = Release;
		};
		565C2B942BEAAB400095121D /* Build configuration list for PBXNativeTarget "CarmatecTask" */ = {
			isa = XCConfigurationList;
			buildConfigurations = (
				565C2B952BEAAB400095121D /* Debug */,
				565C2B962BEAAB400095121D /* Release */,
			);
			defaultConfigurationIsVisible = 0;
			defaultConfigurationName = Release;
		};
/* End XCConfigurationList section */
	};
	rootObject = 565C2B782BEAAB3E0095121D /* Project object */;
}
